# THIS IS AN AUTOGENERATED FILE. DO NOT EDIT THIS FILE DIRECTLY.
# yarn lockfile v1


"@futuredapp/eslint-config-rules@^1.0.0":
  version "1.0.0"
  resolved "https://registry.npmjs.org/@futuredapp/eslint-config-rules/-/eslint-config-rules-1.0.0.tgz"
  integrity sha512-7H7OYUuKrZ3STLKa/kAQewmueCE2n2YGcIV3Wl5BxPl5Opani/JdbK6G2usSmQmtzDeqOnJFPqAEFIreqZNYAA==

"@nodelib/fs.scandir@2.1.5":
  version "2.1.5"
  resolved "https://registry.npmjs.org/@nodelib/fs.scandir/-/fs.scandir-2.1.5.tgz"
  integrity sha512-vq24Bq3ym5HEQm2NKCr3yXDwjc7vTsEThRDnkp2DK9p1uqLR+DHurm/NOTo0KG7HYHU7eppKZj3MyqYuMBf62g==
  dependencies:
    "@nodelib/fs.stat" "2.0.5"
    run-parallel "^1.1.9"

"@nodelib/fs.stat@2.0.5", "@nodelib/fs.stat@^2.0.2":
  version "2.0.5"
  resolved "https://registry.npmjs.org/@nodelib/fs.stat/-/fs.stat-2.0.5.tgz"
  integrity sha512-RkhPPp2zrqDAQA/2jNhnztcPAlv64XdhIp7a7454A5ovI7Bukxgt7MX7udwAu3zg1DcpPU0rz3VV1SeaqvY4+A==

"@nodelib/fs.walk@^1.2.3":
  version "1.2.8"
  resolved "https://registry.npmjs.org/@nodelib/fs.walk/-/fs.walk-1.2.8.tgz"
  integrity sha512-oGB+UxlgWcgQkgwo8GcEGwemoTFt3FIO9ababBmaGwXIoBKZ+GTy0pP185beGg7Llih/NSHSV2XAs1lnznocSg==
  dependencies:
    "@nodelib/fs.scandir" "2.1.5"
    fastq "^1.6.0"

"@types/esrecurse@^4.3.1":
  version "4.3.1"
  resolved "https://registry.npmjs.org/@types/esrecurse/-/esrecurse-4.3.1.tgz#6f636af962fbe6191b830bd676ba5986926bccec"
  integrity sha512-xJBAbDifo5hpffDBuHl0Y8ywswbiAp/Wi7Y/GtAgSlZyIABppyurxVueOPE8LUQOxdlgi6Zqce7uoEpqNTeiUw==

"@types/estree@^1.0.8":
  version "1.0.8"
  resolved "https://registry.npmjs.org/@types/estree/-/estree-1.0.8.tgz#958b91c991b1867ced318bedea0e215ee050726e"
  integrity sha512-dWHzHa2WqEXI/O1E9OjrocMTKJl2mSrEolh1Iomrv6U+JuNwaHXsXx9bLu5gG7BUWFIN0skIQJQ/L1rIex4X6w==

"@typescript-eslint/parser@^8.34.1":
  version "8.34.1"
  resolved "https://registry.npmjs.org/@typescript-eslint/parser/-/parser-8.34.1.tgz"
  integrity sha512-4O3idHxhyzjClSMJ0a29AcoK0+YwnEqzI6oz3vlRf3xw0zbzt15MzXwItOlnr5nIth6zlY2RENLsOPvhyrKAQA==
  dependencies:
    "@typescript-eslint/scope-manager" "8.34.1"
    "@typescript-eslint/types" "8.34.1"
    "@typescript-eslint/typescript-estree" "8.34.1"
    "@typescript-eslint/visitor-keys" "8.34.1"
    debug "^4.3.4"

"@typescript-eslint/project-service@8.34.1":
  version "8.34.1"
  resolved "https://registry.npmjs.org/@typescript-eslint/project-service/-/project-service-8.34.1.tgz"
  integrity sha512-nuHlOmFZfuRwLJKDGQOVc0xnQrAmuq1Mj/ISou5044y1ajGNp2BNliIqp7F2LPQ5sForz8lempMFCovfeS1XoA==
  dependencies:
    "@typescript-eslint/tsconfig-utils" "^8.34.1"
    "@typescript-eslint/types" "^8.34.1"
    debug "^4.3.4"

"@typescript-eslint/scope-manager@8.34.1":
  version "8.34.1"
  resolved "https://registry.npmjs.org/@typescript-eslint/scope-manager/-/scope-manager-8.34.1.tgz"
  integrity sha512-beu6o6QY4hJAgL1E8RaXNC071G4Kso2MGmJskCFQhRhg8VOH/FDbC8soP8NHN7e/Hdphwp8G8cE6OBzC8o41ZA==
  dependencies:
    "@typescript-eslint/types" "8.34.1"
    "@typescript-eslint/visitor-keys" "8.34.1"

"@typescript-eslint/tsconfig-utils@8.34.1", "@typescript-eslint/tsconfig-utils@^8.34.1":
  version "8.34.1"
  resolved "https://registry.npmjs.org/@typescript-eslint/tsconfig-utils/-/tsconfig-utils-8.34.1.tgz"
  integrity sha512-K4Sjdo4/xF9NEeA2khOb7Y5nY6NSXBnod87uniVYW9kHP+hNlDV8trUSFeynA2uxWam4gIWgWoygPrv9VMWrYg==

"@typescript-eslint/types@8.34.1", "@typescript-eslint/types@^8.34.1":
  version "8.34.1"
  resolved "https://registry.npmjs.org/@typescript-eslint/types/-/types-8.34.1.tgz"
  integrity sha512-rjLVbmE7HR18kDsjNIZQHxmv9RZwlgzavryL5Lnj2ujIRTeXlKtILHgRNmQ3j4daw7zd+mQgy+uyt6Zo6I0IGA==

"@typescript-eslint/typescript-estree@8.34.1":
  version "8.34.1"
  resolved "https://registry.npmjs.org/@typescript-eslint/typescript-estree/-/typescript-estree-8.34.1.tgz"
  integrity sha512-rjCNqqYPuMUF5ODD+hWBNmOitjBWghkGKJg6hiCHzUvXRy6rK22Jd3rwbP2Xi+R7oYVvIKhokHVhH41BxPV5mA==
  dependencies:
    "@typescript-eslint/project-service" "8.34.1"
    "@typescript-eslint/tsconfig-utils" "8.34.1"
    "@typescript-eslint/types" "8.34.1"
    "@typescript-eslint/visitor-keys" "8.34.1"
    debug "^4.3.4"
    fast-glob "^3.3.2"
    is-glob "^4.0.3"
    minimatch "^9.0.4"
    semver "^7.6.0"
    ts-api-utils "^2.1.0"

"@typescript-eslint/visitor-keys@8.34.1":
  version "8.34.1"
  resolved "https://registry.npmjs.org/@typescript-eslint/visitor-keys/-/visitor-keys-8.34.1.tgz"
  integrity sha512-xoh5rJ+tgsRKoXnkBPFRLZ7rjKM0AfVbC68UZ/ECXoDbfggb9RbEySN359acY1vS3qZ0jVTVWzbtfapwm5ztxw==
  dependencies:
    "@typescript-eslint/types" "8.34.1"
    eslint-visitor-keys "^4.2.1"

acorn-jsx@^5.3.2:
  version "5.3.2"
  resolved "https://registry.npmjs.org/acorn-jsx/-/acorn-jsx-5.3.2.tgz"
  integrity sha512-rq9s+JNhf0IChjtDXxllJ7g41oZk5SlXtp0LHwyA5cejwn7vKmKp4pPri6YEePv2PU65sAsegbXtIinmDFDXgQ==

acorn@^8.16.0:
  version "8.16.0"
  resolved "https://registry.npmjs.org/acorn/-/acorn-8.16.0.tgz#4ce79c89be40afe7afe8f3adb902a1f1ce9ac08a"
  integrity sha512-UVJyE9MttOsBQIDKw1skb9nAwQuR5wuGD3+82K6JgJlm/Y+KI92oNsMNGZCYdDsVtRHSak0pcV5Dno5+4jh9sw==

balanced-match@^1.0.0:
  version "1.0.2"
  resolved "https://registry.npmjs.org/balanced-match/-/balanced-match-1.0.2.tgz"
  integrity sha512-3oSeUO0TMV67hN1AmbXsK4yaqU7tjiHlbxRDZOpH0KW9+CeX4bRAaX0Anxt0tx2MrpRpWwQaPwIlISEJhYU5Pw==

brace-expansion@^2.0.1:
  version "2.0.2"
  resolved "https://registry.npmjs.org/brace-expansion/-/brace-expansion-2.0.2.tgz"
  integrity sha512-Jt0vHyM+jmUBqojB7E1NIYadt0vI0Qxjxd2TErW94wDz+E2LAm5vKMXXwg6ZZBTHPuUlDgQHKXvjGBdfcF1ZDQ==
  dependencies:
    balanced-match "^1.0.0"

braces@^3.0.3:
  version "3.0.3"
  resolved "https://registry.npmjs.org/braces/-/braces-3.0.3.tgz"
  integrity sha512-yQbXgO/OSZVD2IsiLlro+7Hf6Q18EJrKSEsdoMzKePKXct3gvD8oLcOQdIzGupr5Fj+EDe8gO/lxc1BzfMpxvA==
  dependencies:
    fill-range "^7.1.1"

debug@^4.3.4:
  version "4.4.0"
  resolved "https://registry.npmjs.org/debug/-/debug-4.4.0.tgz"
  integrity sha512-6WTZ/IxCY/T6BALoZHaE4ctp9xm+Z5kY/pzYaCHRFeyVhojxlrm+46y68HA6hr0TcwEssoxNiDEUJQjfPZ/RYA==
  dependencies:
    ms "^2.1.3"

debug@^4.4.0:
  version "4.4.3"
  resolved "https://registry.npmjs.org/debug/-/debug-4.4.3.tgz#c6ae432d9bd9662582fce08709b038c58e9e3d6a"
  integrity sha512-RGwwWnwQvkVfavKVt22FGLw+xYSdzARwm0ru6DhTVA3umU5hZc28V3kO4stgYryrTlLpuvgI9GiijltAjNbcqA==
  dependencies:
    ms "^2.1.3"

eslint-config-prettier@^10.1.8:
  version "10.1.8"
  resolved "https://registry.npmjs.org/eslint-config-prettier/-/eslint-config-prettier-10.1.8.tgz#15734ce4af8c2778cc32f0b01b37b0b5cd1ecb97"
  integrity sha512-82GZUjRS0p/jganf6q1rEO25VSoHH0hKPCTrgillPjdI/3bgBhAE1QzHrHTizjpRvy6pGAvKjDJtk2pF9NDq8w==

"eslint-scope@^8.2.0 || ^9.0.0":
  version "9.1.2"
  resolved "https://registry.npmjs.org/eslint-scope/-/eslint-scope-9.1.2.tgz#b9de6ace2fab1cff24d2e58d85b74c8fcea39802"
  integrity sha512-xS90H51cKw0jltxmvmHy2Iai1LIqrfbw57b79w/J7MfvDfkIkFZ+kj6zC3BjtUwh150HsSSdxXZcsuv72miDFQ==
  dependencies:
    "@types/esrecurse" "^4.3.1"
    "@types/estree" "^1.0.8"
    esrecurse "^4.3.0"
    estraverse "^5.2.0"

"eslint-visitor-keys@^4.2.0 || ^5.0.0", eslint-visitor-keys@^5.0.1:
  version "5.0.1"
  resolved "https://registry.npmjs.org/eslint-visitor-keys/-/eslint-visitor-keys-5.0.1.tgz#9e3c9489697824d2d4ce3a8ad12628f91e9f59be"
  integrity sha512-tD40eHxA35h0PEIZNeIjkHoDR4YjjJp34biM0mDvplBe//mB+IHCqHDGV7pxF+7MklTvighcCPPZC7ynWyjdTA==

eslint-visitor-keys@^4.2.1:
  version "4.2.1"
  resolved "https://registry.npmjs.org/eslint-visitor-keys/-/eslint-visitor-keys-4.2.1.tgz"
  integrity sha512-Uhdk5sfqcee/9H/rCOJikYz67o0a2Tw2hGRPOG2Y1R2dg7brRe1uG0yaNQDHu+TO/uQPF/5eCapvYSmHUjt7JQ==

"espree@^10.3.0 || ^11.0.0":
  version "11.2.0"
  resolved "https://registry.npmjs.org/espree/-/espree-11.2.0.tgz#01d5e47dc332aaba3059008362454a8cc34ccaa5"
  integrity sha512-7p3DrVEIopW1B1avAGLuCSh1jubc01H2JHc8B4qqGblmg5gI9yumBgACjWo4JlIc04ufug4xJ3SQI8HkS/Rgzw==
  dependencies:
    acorn "^8.16.0"
    acorn-jsx "^5.3.2"
    eslint-visitor-keys "^5.0.1"

esquery@^1.6.0:
  version "1.7.0"
  resolved "https://registry.npmjs.org/esquery/-/esquery-1.7.0.tgz#08d048f261f0ddedb5bae95f46809463d9c9496d"
  integrity sha512-Ap6G0WQwcU/LHsvLwON1fAQX9Zp0A2Y6Y/cJBl9r/JbW90Zyg4/zbG6zzKa2OTALELarYHmKu0GhpM5EO+7T0g==
  dependencies:
    estraverse "^5.1.0"

esrecurse@^4.3.0:
  version "4.3.0"
  resolved "https://registry.npmjs.org/esrecurse/-/esrecurse-4.3.0.tgz"
  integrity sha512-KmfKL3b6G+RXvP8N1vr3Tq1kL/oCFgn2NYXEtqP8/L3pKapUA4G8cFVaoF3SU323CD4XypR/ffioHmkti6/Tag==
  dependencies:
    estraverse "^5.2.0"

estraverse@^5.1.0, estraverse@^5.2.0:
  version "5.3.0"
  resolved "https://registry.npmjs.org/estraverse/-/estraverse-5.3.0.tgz"
  integrity sha512-MMdARuVEQziNTeJD8DgMqmhwR11BRQ/cBP+pLtYdSTnf3MIO8fFeiINEbX36ZdNlfU/7A9f3gUw49B3oQsvwBA==

fast-glob@^3.3.2:
  version "3.3.2"
  resolved "https://registry.npmjs.org/fast-glob/-/fast-glob-3.3.2.tgz"
  integrity sha512-oX2ruAFQwf/Orj8m737Y5adxDQO0LAB7/S5MnxCdTNDd4p6BsyIVsv9JQsATbTSq8KHRpLwIHbVlUNatxd+1Ow==
  dependencies:
    "@nodelib/fs.stat" "^2.0.2"
    "@nodelib/fs.walk" "^1.2.3"
    glob-parent "^5.1.2"
    merge2 "^1.3.0"
    micromatch "^4.0.4"

fastq@^1.6.0:
  version "1.17.1"
  resolved "https://registry.npmjs.org/fastq/-/fastq-1.17.1.tgz"
  integrity sha512-sRVD3lWVIXWg6By68ZN7vho9a1pQcN/WBFaAAsDDFzlJjvoGx0P8z7V1t72grFJfJhu3YPZBuu25f7Kaw2jN1w==
  dependencies:
    reusify "^1.0.4"

fill-range@^7.1.1:
  version "7.1.1"
  resolved "https://registry.npmjs.org/fill-range/-/fill-range-7.1.1.tgz"
  integrity sha512-YsGpe3WHLK8ZYi4tWDg2Jy3ebRz2rXowDxnld4bkQB00cc/1Zw9AWnC0i9ztDJitivtQvaI9KaLyKrc+hBW0yg==
  dependencies:
    to-regex-range "^5.0.1"

glob-parent@^5.1.2:
  version "5.1.2"
  resolved "https://registry.npmjs.org/glob-parent/-/glob-parent-5.1.2.tgz"
  integrity sha512-AOIgSQCepiJYwP3ARnGx+5VnTu2HBYdzbGP45eLw1vr3zB3vZLeyed1sC9hnbcOc9/SrMyM5RPQrkGz4aS9Zow==
  dependencies:
    is-glob "^4.0.1"

globals@^15.13.0:
  version "15.13.0"
  resolved "https://registry.npmjs.org/globals/-/globals-15.13.0.tgz"
  integrity sha512-49TewVEz0UxZjr1WYYsWpPrhyC/B/pA8Bq0fUmet2n+eR7yn0IvNzNaoBwnK6mdkzcN+se7Ez9zUgULTz2QH4g==

is-extglob@^2.1.1:
  version "2.1.1"
  resolved "https://registry.npmjs.org/is-extglob/-/is-extglob-2.1.1.tgz"
  integrity sha512-SbKbANkN603Vi4jEZv49LeVJMn4yGwsbzZworEoyEiutsN3nJYdbO36zfhGJ6QEDpOZIFkDtnq5JRxmvl3jsoQ==

is-glob@^4.0.1, is-glob@^4.0.3:
  version "4.0.3"
  resolved "https://registry.npmjs.org/is-glob/-/is-glob-4.0.3.tgz"
  integrity sha512-xelSayHH36ZgE7ZWhli7pW34hNbNl8Ojv5KVmkJD4hBdD3th8Tfk9vYasLM+mXWOZhFkgZfxhLSnrwRr4elSSg==
  dependencies:
    is-extglob "^2.1.1"

is-number@^7.0.0:
  version "7.0.0"
  resolved "https://registry.npmjs.org/is-number/-/is-number-7.0.0.tgz"
  integrity sha512-41Cifkg6e8TylSpdtTpeLVMqvSBEVzTttHvERD741+pnZ8ANv0004MRL43QKPDlK9cGvNp6NZWZUBlbGXYxxng==

merge2@^1.3.0:
  version "1.4.1"
  resolved "https://registry.npmjs.org/merge2/-/merge2-1.4.1.tgz"
  integrity sha512-8q7VEgMJW4J8tcfVPy8g09NcQwZdbwFEqhe/WZkoIzjn/3TGDwtOCYtXGxA3O8tPzpczCCDgv+P2P5y00ZJOOg==

micromatch@^4.0.4:
  version "4.0.8"
  resolved "https://registry.npmjs.org/micromatch/-/micromatch-4.0.8.tgz"
  integrity sha512-PXwfBhYu0hBCPw8Dn0E+WDYb7af3dSLVWKi3HGv84IdF4TyFoC0ysxFd0Goxw7nSv4T/PzEJQxsYsEiFCKo2BA==
  dependencies:
    braces "^3.0.3"
    picomatch "^2.3.1"

minimatch@^9.0.4:
  version "9.0.5"
  resolved "https://registry.npmjs.org/minimatch/-/minimatch-9.0.5.tgz"
  integrity sha512-G6T0ZX48xgozx7587koeX9Ys2NYy6Gmv//P89sEte9V9whIapMNF4idKxnW2QtCcLiTWlb/wfCabAtAFWhhBow==
  dependencies:
    brace-expansion "^2.0.1"

ms@^2.1.3:
  version "2.1.3"
  resolved "https://registry.npmjs.org/ms/-/ms-2.1.3.tgz"
  integrity sha512-6FlzubTLZG3J2a/NVCAleEhjzq5oxgHyaCU9yYXvcLsvoVaHJq/s5xXI6/XXP6tz7R9xAOtHnSO/tXtF3WRTlA==

picomatch@^2.3.1:
  version "2.3.1"
  resolved "https://registry.npmjs.org/picomatch/-/picomatch-2.3.1.tgz"
  integrity sha512-JU3teHTNjmE2VCGFzuY8EXzCDVwEqB2a8fsIvwaStHhAWJEeVd1o1QD80CU6+ZdEXXSLbSsuLwJjkCBWqRQUVA==

queue-microtask@^1.2.2:
  version "1.2.3"
  resolved "https://registry.npmjs.org/queue-microtask/-/queue-microtask-1.2.3.tgz"
  integrity sha512-NuaNSa6flKT5JaSYQzJok04JzTL1CA6aGhv5rfLW3PgqA+M2ChpZQnAC8h8i4ZFkBS8X5RqkDBHA7r4hej3K9A==

reusify@^1.0.4:
  version "1.0.4"
  resolved "https://registry.npmjs.org/reusify/-/reusify-1.0.4.tgz"
  integrity sha512-U9nH88a3fc/ekCF1l0/UP1IosiuIjyTh7hBvXVMHYgVcfGvt897Xguj2UOLDeI5BG2m7/uwyaLVT6fbtCwTyzw==

run-parallel@^1.1.9:
  version "1.2.0"
  resolved "https://registry.npmjs.org/run-parallel/-/run-parallel-1.2.0.tgz"
  integrity sha512-5l4VyZR86LZ/lDxZTR6jqL8AFE2S0IFLMP26AbjsLVADxHdhB/c0GUsH+y39UfCi3dzz8OlQuPmnaJOMoDHQBA==
  dependencies:
    queue-microtask "^1.2.2"

semver@^7.6.0, semver@^7.6.3:
  version "7.6.3"
  resolved "https://registry.npmjs.org/semver/-/semver-7.6.3.tgz"
  integrity sha512-oVekP1cKtI+CTDvHWYFUcMtsK/00wmAEfyqKfNdARm8u1wNVhSgaX7A8d4UuIlUI5e84iEwOhs7ZPYRmzU9U6A==

to-regex-range@^5.0.1:
  version "5.0.1"
  resolved "https://registry.npmjs.org/to-regex-range/-/to-regex-range-5.0.1.tgz"
  integrity sha512-65P7iz6X5yEr1cwcgvQxbbIw7Uk3gOy5dIdtZ4rDveLqhrdJP+Li/Hx6tyK0NEb+2GCyneCMJiGqrADCSNk8sQ==
  dependencies:
    is-number "^7.0.0"

ts-api-utils@^2.1.0:
  version "2.1.0"
  resolved "https://registry.npmjs.org/ts-api-utils/-/ts-api-utils-2.1.0.tgz"
  integrity sha512-CUgTZL1irw8u29bzrOD/nH85jqyc74D6SshFgujOIA7osm2Rz7dYH77agkx7H4FBNxDq7Cjf+IjaX/8zwFW+ZQ==

vue-eslint-parser@^10.0.0:
  version "10.4.0"
  resolved "https://registry.npmjs.org/vue-eslint-parser/-/vue-eslint-parser-10.4.0.tgz#fd7251d0e710a88a6618f50e8a27973bc3c8d69c"
  integrity sha512-Vxi9pJdbN3ZnVGLODVtZ7y4Y2kzAAE2Cm0CZ3ZDRvydVYxZ6VrnBhLikBsRS+dpwj4Jv4UCv21PTEwF5rQ9WXg==
  dependencies:
    debug "^4.4.0"
    eslint-scope "^8.2.0 || ^9.0.0"
    eslint-visitor-keys "^4.2.0 || ^5.0.0"
    espree "^10.3.0 || ^11.0.0"
    esquery "^1.6.0"
    semver "^7.6.3"
